
Microsoft Visual Studio Solution File, Format Version 12.00
# Visual Studio Version 16
VisualStudioVersion = 16.0.30503.244
MinimumVisualStudioVersion = 10.0.40219.1
Project("{FAE04EC0-301F-11D3-BF4B-00C04F79EFBC}") = "MyStore", "MyStore.csproj", "{02AFBA17-2AB2-40D2-AFF3-D556D3D941C4}"
EndProject
Global
	GlobalSection(SolutionConfigurationPlatforms) = preSolution
		Debug|Any CPU = Debug|Any CPU
		Release|Any CPU = Release|Any CPU
	EndGlobalSection
	GlobalSection(ProjectConfigurationPlatforms) = postSolution
		{02AFBA17-2AB2-40D2-AFF3-D556D3D941C4}.Debug|Any CPU.ActiveCfg = Debug|Any CPU
		{02AFBA17-2AB2-40D2-AFF3-D556D3D941C4}.Debug|Any CPU.Build.0 = Debug|Any CPU
		{02AFBA17-2AB2-40D2-AFF3-D556D3D941C4}.Release|Any CPU.ActiveCfg = Release|Any CPU
		{02AFBA17-2AB2-40D2-AFF3-D556D3D941C4}.Release|Any CPU.Build.0 = Release|Any CPU
	EndGlobalSection
	GlobalSection(SolutionProperties) = preSolution
		HideSolutionNode = FALSE
	EndGlobalSection
	GlobalSection(ExtensibilityGlobals) = postSolution
		SolutionGuid = {84258F8D-2528-4C3B-9A82-7B06727B1D44}
	EndGlobalSection
EndGlobal
